
Microsoft Visual Studio Solution File, Format Version 12.00
# Visual Studio Version 17
VisualStudioVersion = 17.14.37111.16 d17.14
MinimumVisualStudioVersion = 10.0.40219.1
Project("{FAE04EC0-301F-11D3-BF4B-00C04F79EFBC}") = "MyFinalProject", "MyFinalProject.csproj", "{F39E339B-7B69-4C80-9A7E-CB6A84A477CB}"
EndProject
Global
	GlobalSection(SolutionConfigurationPlatforms) = preSolution
		Debug|Any CPU = Debug|Any CPU
		Release|Any CPU = Release|Any CPU
	EndGlobalSection
	GlobalSection(ProjectConfigurationPlatforms) = postSolution
		{F39E339B-7B69-4C80-9A7E-CB6A84A477CB}.Debug|Any CPU.ActiveCfg = Debug|Any CPU
		{F39E339B-7B69-4C80-9A7E-CB6A84A477CB}.Debug|Any CPU.Build.0 = Debug|Any CPU
		{F39E339B-7B69-4C80-9A7E-CB6A84A477CB}.Release|Any CPU.ActiveCfg = Release|Any CPU
		{F39E339B-7B69-4C80-9A7E-CB6A84A477CB}.Release|Any CPU.Build.0 = Release|Any CPU
	EndGlobalSection
	GlobalSection(SolutionProperties) = preSolution
		HideSolutionNode = FALSE
	EndGlobalSection
	GlobalSection(ExtensibilityGlobals) = postSolution
		SolutionGuid = {BE4E7BEC-AE6F-4C04-B693-C13390AA7956}
	EndGlobalSection
EndGlobal
