
Microsoft Visual Studio Solution File, Format Version 12.00
# Visual Studio Version 17
VisualStudioVersion = 17.14.37111.16 d17.14
MinimumVisualStudioVersion = 10.0.40219.1
Project("{FAE04EC0-301F-11D3-BF4B-00C04F79EFBC}") = "ConsoleApp1", "ConsoleApp1.csproj", "{1A430BE9-E1C7-4A96-8F56-3CD3B5AEE777}"
EndProject
Global
	GlobalSection(SolutionConfigurationPlatforms) = preSolution
		Debug|Any CPU = Debug|Any CPU
		Release|Any CPU = Release|Any CPU
	EndGlobalSection
	GlobalSection(ProjectConfigurationPlatforms) = postSolution
		{1A430BE9-E1C7-4A96-8F56-3CD3B5AEE777}.Debug|Any CPU.ActiveCfg = Debug|Any CPU
		{1A430BE9-E1C7-4A96-8F56-3CD3B5AEE777}.Debug|Any CPU.Build.0 = Debug|Any CPU
		{1A430BE9-E1C7-4A96-8F56-3CD3B5AEE777}.Release|Any CPU.ActiveCfg = Release|Any CPU
		{1A430BE9-E1C7-4A96-8F56-3CD3B5AEE777}.Release|Any CPU.Build.0 = Release|Any CPU
	EndGlobalSection
	GlobalSection(SolutionProperties) = preSolution
		HideSolutionNode = FALSE
	EndGlobalSection
	GlobalSection(ExtensibilityGlobals) = postSolution
		SolutionGuid = {F0F329BF-F8EB-48AC-B317-4ADA9E6C58E9}
	EndGlobalSection
EndGlobal
